// !$*UTF8*$!
{
	archiveVersion = 1;
	classes = {
	};
	objectVersion = 48;
	objects = {

/* Begin PBXBuildFile section */
		7835B9E72018A9F2002FECDC /* Balham.otf in Resources */ = {isa = PBXBuildFile; fileRef = 7835B9E62018A9F1002FECDC /* Balham.otf */; };
		96995B682017DA8200F089B9 /* AppDelegate.swift in Sources */ = {isa = PBXBuildFile; fileRef = 96995B672017DA8200F089B9 /* AppDelegate.swift */; };
		96995B6A2017DA8200F089B9 /* ViewController.swift in Sources */ = {isa = PBXBuildFile; fileRef = 96995B692017DA8200F089B9 /* ViewController.swift */; };
		96995B6D2017DA8200F089B9 /* Main.storyboard in Resources */ = {isa = PBXBuildFile; fileRef = 96995B6B2017DA8200F089B9 /* Main.storyboard */; };
		96995B6F2017DA8200F089B9 /* Assets.xcassets in Resources */ = {isa = PBXBuildFile; fileRef = 96995B6E2017DA8200F089B9 /* Assets.xcassets */; };
		96995B722017DA8200F089B9 /* LaunchScreen.storyboard in Resources */ = {isa = PBXBuildFile; fileRef = 96995B702017DA8200F089B9 /* LaunchScreen.storyboard */; };
		96DC179E20191E7D00B13F8D /* Default-568h@2x.png in Resources */ = {isa = PBXBuildFile; fileRef = 96DC179D20191E7D00B13F8D /* Default-568h@2x.png */; };
/* End PBXBuildFile section */

/* Begin PBXFileReference section */
		7835B9E62018A9F1002FECDC /* Balham.otf */ = {isa = PBXFileReference; lastKnownFileType = file; path = Balham.otf; sourceTree = "<group>"; };
		96995B642017DA8200F089B9 /* OpenQuizz.app */ = {isa = PBXFileReference; explicitFileType = wrapper.application; includeInIndex = 0; path = OpenQuizz.app; sourceTree = BUILT_PRODUCTS_DIR; };
		96995B672017DA8200F089B9 /* AppDelegate.swift */ = {isa = PBXFileReference; lastKnownFileType = sourcecode.swift; path = AppDelegate.swift; sourceTree = "<group>"; };
		96995B692017DA8200F089B9 /* ViewController.swift */ = {isa = PBXFileReference; lastKnownFileType = sourcecode.swift; path = ViewController.swift; sourceTree = "<group>"; };
		96995B6C2017DA8200F089B9 /* Base */ = {isa = PBXFileReference; lastKnownFileType = file.storyboard; name = Base; path = Base.lproj/Main.storyboard; sourceTree = "<group>"; };
		96995B6E2017DA8200F089B9 /* Assets.xcassets */ = {isa = PBXFileReference; lastKnownFileType = folder.assetcatalog; path = Assets.xcassets; sourceTree = "<group>"; };
		96995B712017DA8200F089B9 /* Base */ = {isa = PBXFileReference; lastKnownFileType = file.storyboard; name = Base; path = Base.lproj/LaunchScreen.storyboard; sourceTree = "<group>"; };
		96995B732017DA8200F089B9 /* Info.plist */ = {isa = PBXFileReference; lastKnownFileType = text.plist.xml; path = Info.plist; sourceTree = "<group>"; };
		96DC179D20191E7D00B13F8D /* Default-568h@2x.png */ = {isa = PBXFileReference; lastKnownFileType = image.png; path = "Default-568h@2x.png"; sourceTree = "<group>"; };
/* End PBXFileReference section */

/* Begin PBXFrameworksBuildPhase section */
		96995B612017DA8200F089B9 /* Frameworks */ = {
			isa = PBXFrameworksBuildPhase;
			buildActionMask = 2147483647;
			files = (
			);
			runOnlyForDeploymentPostprocessing = 0;
		};
/* End PBXFrameworksBuildPhase section */

/* Begin PBXGroup section */
		7835B9E82018DF08002FECDC /* Model */ = {
			isa = PBXGroup;
			children = (
			);
			path = Model;
			sourceTree = "<group>";
		};
		7835B9E92018DF17002FECDC /* View */ = {
			isa = PBXGroup;
			children = (
				96995B692017DA8200F089B9 /* ViewController.swift */,
			);
			path = View;
			sourceTree = "<group>";
		};
		7835B9EA2018DF23002FECDC /* Controller */ = {
			isa = PBXGroup;
			children = (
				96995B6B2017DA8200F089B9 /* Main.storyboard */,
			);
			path = Controller;
			sourceTree = "<group>";
		};
		7835B9EB2018DFAF002FECDC /* Supporting Files */ = {
			isa = PBXGroup;
			children = (
				96995B672017DA8200F089B9 /* AppDelegate.swift */,
				7835B9E62018A9F1002FECDC /* Balham.otf */,
				96995B6E2017DA8200F089B9 /* Assets.xcassets */,
				96995B702017DA8200F089B9 /* LaunchScreen.storyboard */,
				96995B732017DA8200F089B9 /* Info.plist */,
			);
			path = "Supporting Files";
			sourceTree = "<group>";
		};
		96995B5B2017DA8200F089B9 = {
			isa = PBXGroup;
			children = (
				96DC179D20191E7D00B13F8D /* Default-568h@2x.png */,
				96995B662017DA8200F089B9 /* OpenQuizz */,
				96995B652017DA8200F089B9 /* Products */,
			);
			sourceTree = "<group>";
		};
		96995B652017DA8200F089B9 /* Products */ = {
			isa = PBXGroup;
			children = (
				96995B642017DA8200F089B9 /* OpenQuizz.app */,
			);
			name = Products;
			sourceTree = "<group>";
		};
		96995B662017DA8200F089B9 /* OpenQuizz */ = {
			isa = PBXGroup;
			children = (
				7835B9E82018DF08002FECDC /* Model */,
				7835B9E92018DF17002FECDC /* View */,
				7835B9EA2018DF23002FECDC /* Controller */,
				7835B9EB2018DFAF002FECDC /* Supporting Files */,
			);
			path = OpenQuizz;
			sourceTree = "<group>";
		};
/* End PBXGroup section */

/* Begin PBXNativeTarget section */
		96995B632017DA8200F089B9 /* OpenQuizz */ = {
			isa = PBXNativeTarget;
			buildConfigurationList = 96995B762017DA8200F089B9 /* Build configuration list for PBXNativeTarget "OpenQuizz" */;
			buildPhases = (
				96995B602017DA8200F089B9 /* Sources */,
				96995B612017DA8200F089B9 /* Frameworks */,
				96995B622017DA8200F089B9 /* Resources */,
			);
			buildRules = (
			);
			dependencies = (
			);
			name = OpenQuizz;
			productName = OpenQuizz;
			productReference = 96995B642017DA8200F089B9 /* OpenQuizz.app */;
			productType = "com.apple.product-type.application";
		};
/* End PBXNativeTarget section */

/* Begin PBXProject section */
		96995B5C2017DA8200F089B9 /* Project object */ = {
			isa = PBXProject;
			attributes = {
				LastSwiftUpdateCheck = 0920;
				LastUpgradeCheck = 0920;
				ORGANIZATIONNAME = Mylene;
				TargetAttributes = {
					96995B632017DA8200F089B9 = {
						CreatedOnToolsVersion = 9.2;
						ProvisioningStyle = Automatic;
					};
				};
			};
			buildConfigurationList = 96995B5F2017DA8200F089B9 /* Build configuration list for PBXProject "OpenQuizz" */;
			compatibilityVersion = "Xcode 8.0";
			developmentRegion = en;
			hasScannedForEncodings = 0;
			knownRegions = (
				en,
				Base,
			);
			mainGroup = 96995B5B2017DA8200F089B9;
			productRefGroup = 96995B652017DA8200F089B9 /* Products */;
			projectDirPath = "";
			projectRoot = "";
			targets = (
				96995B632017DA8200F089B9 /* OpenQuizz */,
			);
		};
/* End PBXProject section */

/* Begin PBXResourcesBuildPhase section */
		96995B622017DA8200F089B9 /* Resources */ = {
			isa = PBXResourcesBuildPhase;
			buildActionMask = 2147483647;
			files = (
				96995B722017DA8200F089B9 /* LaunchScreen.storyboard in Resources */,
				96995B6F2017DA8200F089B9 /* Assets.xcassets in Resources */,
				7835B9E72018A9F2002FECDC /* Balham.otf in Resources */,
				96DC179E20191E7D00B13F8D /* Default-568h@2x.png in Resources */,
				96995B6D2017DA8200F089B9 /* Main.storyboard in Resources */,
			);
			runOnlyForDeploymentPostprocessing = 0;
		};
/* End PBXResourcesBuildPhase section */

/* Begin PBXSourcesBuildPhase section */
		96995B602017DA8200F089B9 /* Sources */ = {
			isa = PBXSourcesBuildPhase;
			buildActionMask = 2147483647;
			files = (
				96995B6A2017DA8200F089B9 /* ViewController.swift in Sources */,
				96995B682017DA8200F089B9 /* AppDelegate.swift in Sources */,
			);
			runOnlyForDeploymentPostprocessing = 0;
		};
/* End PBXSourcesBuildPhase section */

/* Begin PBXVariantGroup section */
		96995B6B2017DA8200F089B9 /* Main.storyboard */ = {
			isa = PBXVariantGroup;
			children = (
				96995B6C2017DA8200F089B9 /* Base */,
			);
			name = Main.storyboard;
			sourceTree = "<group>";
		};
		96995B702017DA8200F089B9 /* LaunchScreen.storyboard */ = {
			isa = PBXVariantGroup;
			children = (
				96995B712017DA8200F089B9 /* Base */,
			);
			name = LaunchScreen.storyboard;
			sourceTree = "<group>";
		};
/* End PBXVariantGroup section */

/* Begin XCBuildConfiguration section */
		96995B742017DA8200F089B9 /* Debug */ = {
			isa = XCBuildConfiguration;
			buildSettings = {
				ALWAYS_SEARCH_USER_PATHS = NO;
				CLANG_ANALYZER_NONNULL = YES;
				CLANG_ANALYZER_NUMBER_OBJECT_CONVERSION = YES_AGGRESSIVE;
				CLANG_CXX_LANGUAGE_STANDARD = "gnu++14";
				CLANG_CXX_LIBRARY = "libc++";
				CLANG_ENABLE_MODULES = YES;
				CLANG_ENABLE_OBJC_ARC = YES;
				CLANG_WARN_BLOCK_CAPTURE_AUTORELEASING = YES;
				CLANG_WARN_BOOL_CONVERSION = YES;
				CLANG_WARN_COMMA = YES;
				CLANG_WARN_CONSTANT_CONVERSION = YES;
				CLANG_WARN_DIRECT_OBJC_ISA_USAGE = YES_ERROR;
				CLANG_WARN_DOCUMENTATION_COMMENTS = YES;
				CLANG_WARN_EMPTY_BODY = YES;
				CLANG_WARN_ENUM_CONVERSION = YES;
				CLANG_WARN_INFINITE_RECURSION = YES;
				CLANG_WARN_INT_CONVERSION = YES;
				CLANG_WARN_NON_LITERAL_NULL_CONVERSION = YES;
				CLANG_WARN_OBJC_LITERAL_CONVERSION = YES;
				CLANG_WARN_OBJC_ROOT_CLASS = YES_ERROR;
				CLANG_WARN_RANGE_LOOP_ANALYSIS = YES;
				CLANG_WARN_STRICT_PROTOTYPES = YES;
				CLANG_WARN_SUSPICIOUS_MOVE = YES;
				CLANG_WARN_UNGUARDED_AVAILABILITY = YES_AGGRESSIVE;
				CLANG_WARN_UNREACHABLE_CODE = YES;
				CLANG_WARN__DUPLICATE_METHOD_MATCH = YES;
				CODE_SIGN_IDENTITY = "iPhone Developer";
				COPY_PHASE_STRIP = NO;
				DEBUG_INFORMATION_FORMAT = dwarf;
				ENABLE_STRICT_OBJC_MSGSEND = YES;
				ENABLE_TESTABILITY = YES;
				GCC_C_LANGUAGE_STANDARD = gnu11;
				GCC_DYNAMIC_NO_PIC = NO;
				GCC_NO_COMMON_BLOCKS = YES;
				GCC_OPTIMIZATION_LEVEL = 0;
				GCC_PREPROCESSOR_DEFINITIONS = (
					"DEBUG=1",
					"$(inherited)",
				);
				GCC_WARN_64_TO_32_BIT_CONVERSION = YES;
				GCC_WARN_ABOUT_RETURN_TYPE = YES_ERROR;
				GCC_WARN_UNDECLARED_SELECTOR = YES;
				GCC_WARN_UNINITIALIZED_AUTOS = YES_AGGRESSIVE;
				GCC_WARN_UNUSED_FUNCTION = YES;
				GCC_WARN_UNUSED_VARIABLE = YES;
				IPHONEOS_DEPLOYMENT_TARGET = 11.2;
				MTL_ENABLE_DEBUG_INFO = YES;
				ONLY_ACTIVE_ARCH = YES;
				SDKROOT = iphoneos;
				SWIFT_ACTIVE_COMPILATION_CONDITIONS = DEBUG;
				SWIFT_OPTIMIZATION_LEVEL = "-Onone";
			};
			name = Debug;
		};
		96995B752017DA8200F089B9 /* Release */ = {
			isa = XCBuildConfiguration;
			buildSettings = {
				ALWAYS_SEARCH_USER_PATHS = NO;
				CLANG_ANALYZER_NONNULL = YES;
				CLANG_ANALYZER_NUMBER_OBJECT_CONVERSION = YES_AGGRESSIVE;
				CLANG_CXX_LANGUAGE_STANDARD = "gnu++14";
				CLANG_CXX_LIBRARY = "libc++";
				CLANG_ENABLE_MODULES = YES;
				CLANG_ENABLE_OBJC_ARC = YES;
				CLANG_WARN_BLOCK_CAPTURE_AUTORELEASING = YES;
				CLANG_WARN_BOOL_CONVERSION = YES;
				CLANG_WARN_COMMA = YES;
				CLANG_WARN_CONSTANT_CONVERSION = YES;
				CLANG_WARN_DIRECT_OBJC_ISA_USAGE = YES_ERROR;
				CLANG_WARN_DOCUMENTATION_COMMENTS = YES;
				CLANG_WARN_EMPTY_BODY = YES;
				CLANG_WARN_ENUM_CONVERSION = YES;
				CLANG_WARN_INFINITE_RECURSION = YES;
				CLANG_WARN_INT_CONVERSION = YES;
				CLANG_WARN_NON_LITERAL_NULL_CONVERSION = YES;
				CLANG_WARN_OBJC_LITERAL_CONVERSION = YES;
				CLANG_WARN_OBJC_ROOT_CLASS = YES_ERROR;
				CLANG_WARN_RANGE_LOOP_ANALYSIS = YES;
				CLANG_WARN_STRICT_PROTOTYPES = YES;
				CLANG_WARN_SUSPICIOUS_MOVE = YES;
				CLANG_WARN_UNGUARDED_AVAILABILITY = YES_AGGRESSIVE;
				CLANG_WARN_UNREACHABLE_CODE = YES;
				CLANG_WARN__DUPLICATE_METHOD_MATCH = YES;
				CODE_SIGN_IDENTITY = "iPhone Developer";
				COPY_PHASE_STRIP = NO;
				DEBUG_INFORMATION_FORMAT = "dwarf-with-dsym";
				ENABLE_NS_ASSERTIONS = NO;
				ENABLE_STRICT_OBJC_MSGSEND = YES;
				GCC_C_LANGUAGE_STANDARD = gnu11;
				GCC_NO_COMMON_BLOCKS = YES;
				GCC_WARN_64_TO_32_BIT_CONVERSION = YES;
				GCC_WARN_ABOUT_RETURN_TYPE = YES_ERROR;
				GCC_WARN_UNDECLARED_SELECTOR = YES;
				GCC_WARN_UNINITIALIZED_AUTOS = YES_AGGRESSIVE;
				GCC_WARN_UNUSED_FUNCTION = YES;
				GCC_WARN_UNUSED_VARIABLE = YES;
				IPHONEOS_DEPLOYMENT_TARGET = 11.2;
				MTL_ENABLE_DEBUG_INFO = NO;
				SDKROOT = iphoneos;
				SWIFT_OPTIMIZATION_LEVEL = "-Owholemodule";
				VALIDATE_PRODUCT = YES;
			};
			name = Release;
		};
		96995B772017DA8200F089B9 /* Debug */ = {
			isa = XCBuildConfiguration;
			buildSettings = {
				ASSETCATALOG_COMPILER_APPICON_NAME = AppIcon;
				CODE_SIGN_STYLE = Automatic;
				DEVELOPMENT_TEAM = "";
				INFOPLIST_FILE = "$(SRCROOT)/OpenQuizz/Supporting Files/Info.plist";
				LD_RUNPATH_SEARCH_PATHS = "$(inherited) @executable_path/Frameworks";
				PRODUCT_BUNDLE_IDENTIFIER = com.mylenegreneron.OpenQuizz;
				PRODUCT_NAME = "$(TARGET_NAME)";
				SWIFT_VERSION = 4.0;
				TARGETED_DEVICE_FAMILY = "1,2";
			};
			name = Debug;
		};
		96995B782017DA8200F089B9 /* Release */ = {
			isa = XCBuildConfiguration;
			buildSettings = {
				ASSETCATALOG_COMPILER_APPICON_NAME = AppIcon;
				CODE_SIGN_STYLE = Automatic;
				DEVELOPMENT_TEAM = "";
				INFOPLIST_FILE = "$(SRCROOT)/OpenQuizz/Supporting Files/Info.plist";
				LD_RUNPATH_SEARCH_PATHS = "$(inherited) @executable_path/Frameworks";
				PRODUCT_BUNDLE_IDENTIFIER = com.mylenegreneron.OpenQuizz;
				PRODUCT_NAME = "$(TARGET_NAME)";
				SWIFT_VERSION = 4.0;
				TARGETED_DEVICE_FAMILY = "1,2";
			};
			name = Release;
		};
/* End XCBuildConfiguration section */

/* Begin XCConfigurationList section */
		96995B5F2017DA8200F089B9 /* Build configuration list for PBXProject "OpenQuizz" */ = {
			isa = XCConfigurationList;
			buildConfigurations = (
				96995B742017DA8200F089B9 /* Debug */,
				96995B752017DA8200F089B9 /* Release */,
			);
			defaultConfigurationIsVisible = 0;
			defaultConfigurationName = Release;
		};
		96995B762017DA8200F089B9 /* Build configuration list for PBXNativeTarget "OpenQuizz" */ = {
			isa = XCConfigurationList;
			buildConfigurations = (
				96995B772017DA8200F089B9 /* Debug */,
				96995B782017DA8200F089B9 /* Release */,
			);
			defaultConfigurationIsVisible = 0;
			defaultConfigurationName = Release;
		};
/* End XCConfigurationList section */
	};
	rootObject = 96995B5C2017DA8200F089B9 /* Project object */;
}
